
Microsoft Visual Studio Solution File, Format Version 12.00
# Visual Studio Version 17
VisualStudioVersion = 17.9.34723.18
MinimumVisualStudioVersion = 10.0.40219.1
Project("{FAE04EC0-301F-11D3-BF4B-00C04F79EFBC}") = "Task 1 ADO", "Task 1 ADO\Task 1 ADO.csproj", "{EC1BC0D5-F8B0-4B67-AD5C-9A835AB9B18F}"
EndProject
Global
	GlobalSection(SolutionConfigurationPlatforms) = preSolution
		Debug|Any CPU = Debug|Any CPU
		Release|Any CPU = Release|Any CPU
	EndGlobalSection
	GlobalSection(ProjectConfigurationPlatforms) = postSolution
		{EC1BC0D5-F8B0-4B67-AD5C-9A835AB9B18F}.Debug|Any CPU.ActiveCfg = Debug|Any CPU
		{EC1BC0D5-F8B0-4B67-AD5C-9A835AB9B18F}.Debug|Any CPU.Build.0 = Debug|Any CPU
		{EC1BC0D5-F8B0-4B67-AD5C-9A835AB9B18F}.Release|Any CPU.ActiveCfg = Release|Any CPU
		{EC1BC0D5-F8B0-4B67-AD5C-9A835AB9B18F}.Release|Any CPU.Build.0 = Release|Any CPU
	EndGlobalSection
	GlobalSection(SolutionProperties) = preSolution
		HideSolutionNode = FALSE
	EndGlobalSection
	GlobalSection(ExtensibilityGlobals) = postSolution
		SolutionGuid = {6E0E6EB7-1A04-42D1-AAE7-BBC530FA371B}
	EndGlobalSection
EndGlobal
